// !$*UTF8*$!
{
	archiveVersion = 1;
	classes = {
	};
	objectVersion = 55;
	objects = {

/* Begin PBXBuildFile section */
		0E19B86A27E109D7002997CF /* DomainError.swift in Sources */ = {isa = PBXBuildFile; fileRef = 0E19B86927E109D7002997CF /* DomainError.swift */; };
		0E19B86C27E11B88002997CF /* HttpError.swift in Sources */ = {isa = PBXBuildFile; fileRef = 0E19B86B27E11B88002997CF /* HttpError.swift */; };
		0E19B86F27E129EC002997CF /* ExtensionHelpers.swift in Sources */ = {isa = PBXBuildFile; fileRef = 0E19B86E27E129EC002997CF /* ExtensionHelpers.swift */; };
		0E29DAFA27E355B9006123E3 /* AlamofireAdapter.swift in Sources */ = {isa = PBXBuildFile; fileRef = 0E29DAF927E355B9006123E3 /* AlamofireAdapter.swift */; };
		0E29DAFE27E3574A006123E3 /* UrlProtocolStub.swift in Sources */ = {isa = PBXBuildFile; fileRef = 0E29DAFD27E3574A006123E3 /* UrlProtocolStub.swift */; };
		0E6FB92C27E215FB00336EBD /* XCTestCaseExtensions.swift in Sources */ = {isa = PBXBuildFile; fileRef = 0E6FB92B27E215FB00336EBD /* XCTestCaseExtensions.swift */; };
		0E6FB92E27E2165A00336EBD /* Factories.swift in Sources */ = {isa = PBXBuildFile; fileRef = 0E6FB92D27E2165A00336EBD /* Factories.swift */; };
		0E6FB93127E216B900336EBD /* HttpClientSpy.swift in Sources */ = {isa = PBXBuildFile; fileRef = 0E6FB93027E216B900336EBD /* HttpClientSpy.swift */; };
		0E6FB93327E2171000336EBD /* AccountModelFactory.swift in Sources */ = {isa = PBXBuildFile; fileRef = 0E6FB93227E2171000336EBD /* AccountModelFactory.swift */; };
		0E93748727E24C340031B4DF /* Data.framework in Frameworks */ = {isa = PBXBuildFile; fileRef = 0EFC8F5427C53224005C7019 /* Data.framework */; };
		0E93748827E24C340031B4DF /* Data.framework in Embed Frameworks */ = {isa = PBXBuildFile; fileRef = 0EFC8F5427C53224005C7019 /* Data.framework */; settings = {ATTRIBUTES = (CodeSignOnCopy, RemoveHeadersOnCopy, ); }; };
		0E93748C27E24C5C0031B4DF /* XCTestCaseExtensions.swift in Sources */ = {isa = PBXBuildFile; fileRef = 0E6FB92B27E215FB00336EBD /* XCTestCaseExtensions.swift */; };
		0E93748D27E24C5F0031B4DF /* Factories.swift in Sources */ = {isa = PBXBuildFile; fileRef = 0E6FB92D27E2165A00336EBD /* Factories.swift */; };
		0E93749027E24CF60031B4DF /* Alamofire in Frameworks */ = {isa = PBXBuildFile; productRef = 0E93748F27E24CF60031B4DF /* Alamofire */; };
		0EDBC36D27E2493800B77272 /* Infra.framework in Frameworks */ = {isa = PBXBuildFile; fileRef = 0EDBC36527E2493800B77272 /* Infra.framework */; };
		0EDBC37227E2493800B77272 /* AlamofireAdapterTests.swift in Sources */ = {isa = PBXBuildFile; fileRef = 0EDBC37127E2493800B77272 /* AlamofireAdapterTests.swift */; };
		0EFC8F4C27C52F8A005C7019 /* AddAccount.swift in Sources */ = {isa = PBXBuildFile; fileRef = 0EFC8F4B27C52F8A005C7019 /* AddAccount.swift */; };
		0EFC8F4E27C530B3005C7019 /* AccountModel.swift in Sources */ = {isa = PBXBuildFile; fileRef = 0EFC8F4D27C530B3005C7019 /* AccountModel.swift */; };
		0EFC8F5C27C53224005C7019 /* Data.framework in Frameworks */ = {isa = PBXBuildFile; fileRef = 0EFC8F5427C53224005C7019 /* Data.framework */; };
		0EFC8F6127C53224005C7019 /* RemoteAddAccountTests.swift in Sources */ = {isa = PBXBuildFile; fileRef = 0EFC8F6027C53224005C7019 /* RemoteAddAccountTests.swift */; };
		0EFC8F6A27C5325E005C7019 /* Domain.framework in Frameworks */ = {isa = PBXBuildFile; fileRef = 0EFC8F4227C52965005C7019 /* Domain.framework */; };
		0EFC8F6B27C5325E005C7019 /* Domain.framework in Embed Frameworks */ = {isa = PBXBuildFile; fileRef = 0EFC8F4227C52965005C7019 /* Domain.framework */; settings = {ATTRIBUTES = (CodeSignOnCopy, RemoveHeadersOnCopy, ); }; };
		0EFC8F7027C55B3C005C7019 /* Model.swift in Sources */ = {isa = PBXBuildFile; fileRef = 0EFC8F6F27C55B3C005C7019 /* Model.swift */; };
		0EFC8F7227C55C73005C7019 /* RemoteAddAccount.swift in Sources */ = {isa = PBXBuildFile; fileRef = 0EFC8F7127C55C73005C7019 /* RemoteAddAccount.swift */; };
		0EFC8F7427C55CB7005C7019 /* HttpPostClient.swift in Sources */ = {isa = PBXBuildFile; fileRef = 0EFC8F7327C55CB7005C7019 /* HttpPostClient.swift */; };
/* End PBXBuildFile section */

/* Begin PBXContainerItemProxy section */
		0E93748927E24C340031B4DF /* PBXContainerItemProxy */ = {
			isa = PBXContainerItemProxy;
			containerPortal = 0EFC8F2A27C528A2005C7019 /* Project object */;
			proxyType = 1;
			remoteGlobalIDString = 0EFC8F5327C53224005C7019;
			remoteInfo = Data;
		};
		0EDBC36E27E2493800B77272 /* PBXContainerItemProxy */ = {
			isa = PBXContainerItemProxy;
			containerPortal = 0EFC8F2A27C528A2005C7019 /* Project object */;
			proxyType = 1;
			remoteGlobalIDString = 0EDBC36427E2493800B77272;
			remoteInfo = Infra;
		};
		0EFC8F5D27C53224005C7019 /* PBXContainerItemProxy */ = {
			isa = PBXContainerItemProxy;
			containerPortal = 0EFC8F2A27C528A2005C7019 /* Project object */;
			proxyType = 1;
			remoteGlobalIDString = 0EFC8F5327C53224005C7019;
			remoteInfo = Data;
		};
		0EFC8F6C27C5325E005C7019 /* PBXContainerItemProxy */ = {
			isa = PBXContainerItemProxy;
			containerPortal = 0EFC8F2A27C528A2005C7019 /* Project object */;
			proxyType = 1;
			remoteGlobalIDString = 0EFC8F4127C52965005C7019;
			remoteInfo = Domain;
		};
/* End PBXContainerItemProxy section */

/* Begin PBXCopyFilesBuildPhase section */
		0E93748B27E24C340031B4DF /* Embed Frameworks */ = {
			isa = PBXCopyFilesBuildPhase;
			buildActionMask = 2147483647;
			dstPath = "";
			dstSubfolderSpec = 10;
			files = (
				0E93748827E24C340031B4DF /* Data.framework in Embed Frameworks */,
			);
			name = "Embed Frameworks";
			runOnlyForDeploymentPostprocessing = 0;
		};
		0EFC8F6E27C5325E005C7019 /* Embed Frameworks */ = {
			isa = PBXCopyFilesBuildPhase;
			buildActionMask = 2147483647;
			dstPath = "";
			dstSubfolderSpec = 10;
			files = (
				0EFC8F6B27C5325E005C7019 /* Domain.framework in Embed Frameworks */,
			);
			name = "Embed Frameworks";
			runOnlyForDeploymentPostprocessing = 0;
		};
/* End PBXCopyFilesBuildPhase section */

/* Begin PBXFileReference section */
		0E19B86927E109D7002997CF /* DomainError.swift */ = {isa = PBXFileReference; lastKnownFileType = sourcecode.swift; path = DomainError.swift; sourceTree = "<group>"; };
		0E19B86B27E11B88002997CF /* HttpError.swift */ = {isa = PBXFileReference; lastKnownFileType = sourcecode.swift; path = HttpError.swift; sourceTree = "<group>"; };
		0E19B86E27E129EC002997CF /* ExtensionHelpers.swift */ = {isa = PBXFileReference; lastKnownFileType = sourcecode.swift; path = ExtensionHelpers.swift; sourceTree = "<group>"; };
		0E29DAF927E355B9006123E3 /* AlamofireAdapter.swift */ = {isa = PBXFileReference; lastKnownFileType = sourcecode.swift; path = AlamofireAdapter.swift; sourceTree = "<group>"; };
		0E29DAFD27E3574A006123E3 /* UrlProtocolStub.swift */ = {isa = PBXFileReference; lastKnownFileType = sourcecode.swift; path = UrlProtocolStub.swift; sourceTree = "<group>"; };
		0E6FB92B27E215FB00336EBD /* XCTestCaseExtensions.swift */ = {isa = PBXFileReference; lastKnownFileType = sourcecode.swift; path = XCTestCaseExtensions.swift; sourceTree = "<group>"; };
		0E6FB92D27E2165A00336EBD /* Factories.swift */ = {isa = PBXFileReference; lastKnownFileType = sourcecode.swift; path = Factories.swift; sourceTree = "<group>"; };
		0E6FB93027E216B900336EBD /* HttpClientSpy.swift */ = {isa = PBXFileReference; lastKnownFileType = sourcecode.swift; path = HttpClientSpy.swift; sourceTree = "<group>"; };
		0E6FB93227E2171000336EBD /* AccountModelFactory.swift */ = {isa = PBXFileReference; lastKnownFileType = sourcecode.swift; path = AccountModelFactory.swift; sourceTree = "<group>"; };
		0EDBC36527E2493800B77272 /* Infra.framework */ = {isa = PBXFileReference; explicitFileType = wrapper.framework; includeInIndex = 0; path = Infra.framework; sourceTree = BUILT_PRODUCTS_DIR; };
		0EDBC36C27E2493800B77272 /* InfraTests.xctest */ = {isa = PBXFileReference; explicitFileType = wrapper.cfbundle; includeInIndex = 0; path = InfraTests.xctest; sourceTree = BUILT_PRODUCTS_DIR; };
		0EDBC37127E2493800B77272 /* AlamofireAdapterTests.swift */ = {isa = PBXFileReference; lastKnownFileType = sourcecode.swift; path = AlamofireAdapterTests.swift; sourceTree = "<group>"; };
		0EFC8F4227C52965005C7019 /* Domain.framework */ = {isa = PBXFileReference; explicitFileType = wrapper.framework; includeInIndex = 0; path = Domain.framework; sourceTree = BUILT_PRODUCTS_DIR; };
		0EFC8F4B27C52F8A005C7019 /* AddAccount.swift */ = {isa = PBXFileReference; lastKnownFileType = sourcecode.swift; path = AddAccount.swift; sourceTree = "<group>"; };
		0EFC8F4D27C530B3005C7019 /* AccountModel.swift */ = {isa = PBXFileReference; lastKnownFileType = sourcecode.swift; path = AccountModel.swift; sourceTree = "<group>"; };
		0EFC8F5427C53224005C7019 /* Data.framework */ = {isa = PBXFileReference; explicitFileType = wrapper.framework; includeInIndex = 0; path = Data.framework; sourceTree = BUILT_PRODUCTS_DIR; };
		0EFC8F5B27C53224005C7019 /* DataTests.xctest */ = {isa = PBXFileReference; explicitFileType = wrapper.cfbundle; includeInIndex = 0; path = DataTests.xctest; sourceTree = BUILT_PRODUCTS_DIR; };
		0EFC8F6027C53224005C7019 /* RemoteAddAccountTests.swift */ = {isa = PBXFileReference; lastKnownFileType = sourcecode.swift; path = RemoteAddAccountTests.swift; sourceTree = "<group>"; };
		0EFC8F6F27C55B3C005C7019 /* Model.swift */ = {isa = PBXFileReference; lastKnownFileType = sourcecode.swift; path = Model.swift; sourceTree = "<group>"; };
		0EFC8F7127C55C73005C7019 /* RemoteAddAccount.swift */ = {isa = PBXFileReference; lastKnownFileType = sourcecode.swift; path = RemoteAddAccount.swift; sourceTree = "<group>"; };
		0EFC8F7327C55CB7005C7019 /* HttpPostClient.swift */ = {isa = PBXFileReference; lastKnownFileType = sourcecode.swift; path = HttpPostClient.swift; sourceTree = "<group>"; };
/* End PBXFileReference section */

/* Begin PBXFrameworksBuildPhase section */
		0EDBC36227E2493800B77272 /* Frameworks */ = {
			isa = PBXFrameworksBuildPhase;
			buildActionMask = 2147483647;
			files = (
				0E93748727E24C340031B4DF /* Data.framework in Frameworks */,
				0E93749027E24CF60031B4DF /* Alamofire in Frameworks */,
			);
			runOnlyForDeploymentPostprocessing = 0;
		};
		0EDBC36927E2493800B77272 /* Frameworks */ = {
			isa = PBXFrameworksBuildPhase;
			buildActionMask = 2147483647;
			files = (
				0EDBC36D27E2493800B77272 /* Infra.framework in Frameworks */,
			);
			runOnlyForDeploymentPostprocessing = 0;
		};
		0EFC8F3F27C52965005C7019 /* Frameworks */ = {
			isa = PBXFrameworksBuildPhase;
			buildActionMask = 2147483647;
			files = (
			);
			runOnlyForDeploymentPostprocessing = 0;
		};
		0EFC8F5127C53224005C7019 /* Frameworks */ = {
			isa = PBXFrameworksBuildPhase;
			buildActionMask = 2147483647;
			files = (
				0EFC8F6A27C5325E005C7019 /* Domain.framework in Frameworks */,
			);
			runOnlyForDeploymentPostprocessing = 0;
		};
		0EFC8F5827C53224005C7019 /* Frameworks */ = {
			isa = PBXFrameworksBuildPhase;
			buildActionMask = 2147483647;
			files = (
				0EFC8F5C27C53224005C7019 /* Data.framework in Frameworks */,
			);
			runOnlyForDeploymentPostprocessing = 0;
		};
/* End PBXFrameworksBuildPhase section */

/* Begin PBXGroup section */
		0E19B86827E109C3002997CF /* Errors */ = {
			isa = PBXGroup;
			children = (
				0E19B86927E109D7002997CF /* DomainError.swift */,
			);
			path = Errors;
			sourceTree = "<group>";
		};
		0E19B86D27E129CF002997CF /* Helpers */ = {
			isa = PBXGroup;
			children = (
				0E19B86E27E129EC002997CF /* ExtensionHelpers.swift */,
			);
			path = Helpers;
			sourceTree = "<group>";
		};
		0E29DAFB27E35644006123E3 /* Http */ = {
			isa = PBXGroup;
			children = (
				0E29DAF927E355B9006123E3 /* AlamofireAdapter.swift */,
			);
			path = Http;
			sourceTree = "<group>";
		};
		0E29DAFC27E35735006123E3 /* Http */ = {
			isa = PBXGroup;
			children = (
				0EDBC37127E2493800B77272 /* AlamofireAdapterTests.swift */,
				0E29DAFD27E3574A006123E3 /* UrlProtocolStub.swift */,
			);
			path = Http;
			sourceTree = "<group>";
		};
		0E6FB92A27E215D600336EBD /* Helpers */ = {
			isa = PBXGroup;
			children = (
				0E6FB92B27E215FB00336EBD /* XCTestCaseExtensions.swift */,
				0E6FB92D27E2165A00336EBD /* Factories.swift */,
				0E6FB93227E2171000336EBD /* AccountModelFactory.swift */,
			);
			path = Helpers;
			sourceTree = "<group>";
		};
		0E6FB92F27E2169E00336EBD /* Http */ = {
			isa = PBXGroup;
			children = (
				0E6FB93027E216B900336EBD /* HttpClientSpy.swift */,
			);
			path = Http;
			sourceTree = "<group>";
		};
		0EDBC36627E2493800B77272 /* Infra */ = {
			isa = PBXGroup;
			children = (
				0E29DAFB27E35644006123E3 /* Http */,
			);
			path = Infra;
			sourceTree = "<group>";
		};
		0EDBC37027E2493800B77272 /* InfraTests */ = {
			isa = PBXGroup;
			children = (
				0E29DAFC27E35735006123E3 /* Http */,
			);
			path = InfraTests;
			sourceTree = "<group>";
		};
		0EFC8F2927C528A2005C7019 = {
			isa = PBXGroup;
			children = (
				0EFC8F4327C52965005C7019 /* Domain */,
				0EFC8F5527C53224005C7019 /* Data */,
				0EFC8F5F27C53224005C7019 /* DataTests */,
				0EDBC36627E2493800B77272 /* Infra */,
				0EDBC37027E2493800B77272 /* InfraTests */,
				0EFC8F3427C528A2005C7019 /* Products */,
				0EFC8F6927C5325E005C7019 /* Frameworks */,
			);
			sourceTree = "<group>";
		};
		0EFC8F3427C528A2005C7019 /* Products */ = {
			isa = PBXGroup;
			children = (
				0EFC8F4227C52965005C7019 /* Domain.framework */,
				0EFC8F5427C53224005C7019 /* Data.framework */,
				0EFC8F5B27C53224005C7019 /* DataTests.xctest */,
				0EDBC36527E2493800B77272 /* Infra.framework */,
				0EDBC36C27E2493800B77272 /* InfraTests.xctest */,
			);
			name = Products;
			sourceTree = "<group>";
		};
		0EFC8F4327C52965005C7019 /* Domain */ = {
			isa = PBXGroup;
			children = (
				0EFC8F7527C55D43005C7019 /* UseCases */,
				0EFC8F7627C55D53005C7019 /* Models */,
				0E19B86827E109C3002997CF /* Errors */,
			);
			path = Domain;
			sourceTree = "<group>";
		};
		0EFC8F5527C53224005C7019 /* Data */ = {
			isa = PBXGroup;
			children = (
				0E19B86D27E129CF002997CF /* Helpers */,
				0EFC8F7727C55D65005C7019 /* UseCases */,
				0EFC8F7827C55D7C005C7019 /* Http */,
			);
			path = Data;
			sourceTree = "<group>";
		};
		0EFC8F5F27C53224005C7019 /* DataTests */ = {
			isa = PBXGroup;
			children = (
				0E6FB92A27E215D600336EBD /* Helpers */,
				0EFC8F7927C55D82005C7019 /* UseCases */,
				0E6FB92F27E2169E00336EBD /* Http */,
			);
			path = DataTests;
			sourceTree = "<group>";
		};
		0EFC8F6927C5325E005C7019 /* Frameworks */ = {
			isa = PBXGroup;
			children = (
			);
			name = Frameworks;
			sourceTree = "<group>";
		};
		0EFC8F7527C55D43005C7019 /* UseCases */ = {
			isa = PBXGroup;
			children = (
				0EFC8F4B27C52F8A005C7019 /* AddAccount.swift */,
			);
			path = UseCases;
			sourceTree = "<group>";
		};
		0EFC8F7627C55D53005C7019 /* Models */ = {
			isa = PBXGroup;
			children = (
				0EFC8F4D27C530B3005C7019 /* AccountModel.swift */,
				0EFC8F6F27C55B3C005C7019 /* Model.swift */,
			);
			path = Models;
			sourceTree = "<group>";
		};
		0EFC8F7727C55D65005C7019 /* UseCases */ = {
			isa = PBXGroup;
			children = (
				0EFC8F7127C55C73005C7019 /* RemoteAddAccount.swift */,
			);
			path = UseCases;
			sourceTree = "<group>";
		};
		0EFC8F7827C55D7C005C7019 /* Http */ = {
			isa = PBXGroup;
			children = (
				0EFC8F7327C55CB7005C7019 /* HttpPostClient.swift */,
				0E19B86B27E11B88002997CF /* HttpError.swift */,
			);
			path = Http;
			sourceTree = "<group>";
		};
		0EFC8F7927C55D82005C7019 /* UseCases */ = {
			isa = PBXGroup;
			children = (
				0EFC8F6027C53224005C7019 /* RemoteAddAccountTests.swift */,
			);
			path = UseCases;
			sourceTree = "<group>";
		};
/* End PBXGroup section */

/* Begin PBXHeadersBuildPhase section */
		0EDBC36027E2493800B77272 /* Headers */ = {
			isa = PBXHeadersBuildPhase;
			buildActionMask = 2147483647;
			files = (
			);
			runOnlyForDeploymentPostprocessing = 0;
		};
		0EFC8F3D27C52965005C7019 /* Headers */ = {
			isa = PBXHeadersBuildPhase;
			buildActionMask = 2147483647;
			files = (
			);
			runOnlyForDeploymentPostprocessing = 0;
		};
		0EFC8F4F27C53224005C7019 /* Headers */ = {
			isa = PBXHeadersBuildPhase;
			buildActionMask = 2147483647;
			files = (
			);
			runOnlyForDeploymentPostprocessing = 0;
		};
/* End PBXHeadersBuildPhase section */

/* Begin PBXNativeTarget section */
		0EDBC36427E2493800B77272 /* Infra */ = {
			isa = PBXNativeTarget;
			buildConfigurationList = 0EDBC37827E2493800B77272 /* Build configuration list for PBXNativeTarget "Infra" */;
			buildPhases = (
				0EDBC36027E2493800B77272 /* Headers */,
				0EDBC36127E2493800B77272 /* Sources */,
				0EDBC36227E2493800B77272 /* Frameworks */,
				0EDBC36327E2493800B77272 /* Resources */,
				0E93748B27E24C340031B4DF /* Embed Frameworks */,
			);
			buildRules = (
			);
			dependencies = (
				0E93748A27E24C340031B4DF /* PBXTargetDependency */,
			);
			name = Infra;
			packageProductDependencies = (
				0E93748F27E24CF60031B4DF /* Alamofire */,
			);
			productName = Infra;
			productReference = 0EDBC36527E2493800B77272 /* Infra.framework */;
			productType = "com.apple.product-type.framework";
		};
		0EDBC36B27E2493800B77272 /* InfraTests */ = {
			isa = PBXNativeTarget;
			buildConfigurationList = 0EDBC37927E2493800B77272 /* Build configuration list for PBXNativeTarget "InfraTests" */;
			buildPhases = (
				0EDBC36827E2493800B77272 /* Sources */,
				0EDBC36927E2493800B77272 /* Frameworks */,
				0EDBC36A27E2493800B77272 /* Resources */,
			);
			buildRules = (
			);
			dependencies = (
				0EDBC36F27E2493800B77272 /* PBXTargetDependency */,
			);
			name = InfraTests;
			productName = InfraTests;
			productReference = 0EDBC36C27E2493800B77272 /* InfraTests.xctest */;
			productType = "com.apple.product-type.bundle.unit-test";
		};
		0EFC8F4127C52965005C7019 /* Domain */ = {
			isa = PBXNativeTarget;
			buildConfigurationList = 0EFC8F4627C52965005C7019 /* Build configuration list for PBXNativeTarget "Domain" */;
			buildPhases = (
				0EFC8F3D27C52965005C7019 /* Headers */,
				0EFC8F3E27C52965005C7019 /* Sources */,
				0EFC8F3F27C52965005C7019 /* Frameworks */,
				0EFC8F4027C52965005C7019 /* Resources */,
			);
			buildRules = (
			);
			dependencies = (
			);
			name = Domain;
			productName = Domain;
			productReference = 0EFC8F4227C52965005C7019 /* Domain.framework */;
			productType = "com.apple.product-type.framework";
		};
		0EFC8F5327C53224005C7019 /* Data */ = {
			isa = PBXNativeTarget;
			buildConfigurationList = 0EFC8F6327C53224005C7019 /* Build configuration list for PBXNativeTarget "Data" */;
			buildPhases = (
				0EFC8F4F27C53224005C7019 /* Headers */,
				0EFC8F5027C53224005C7019 /* Sources */,
				0EFC8F5127C53224005C7019 /* Frameworks */,
				0EFC8F5227C53224005C7019 /* Resources */,
				0EFC8F6E27C5325E005C7019 /* Embed Frameworks */,
			);
			buildRules = (
			);
			dependencies = (
				0EFC8F6D27C5325E005C7019 /* PBXTargetDependency */,
			);
			name = Data;
			productName = Data;
			productReference = 0EFC8F5427C53224005C7019 /* Data.framework */;
			productType = "com.apple.product-type.framework";
		};
		0EFC8F5A27C53224005C7019 /* DataTests */ = {
			isa = PBXNativeTarget;
			buildConfigurationList = 0EFC8F6627C53224005C7019 /* Build configuration list for PBXNativeTarget "DataTests" */;
			buildPhases = (
				0EFC8F5727C53224005C7019 /* Sources */,
				0EFC8F5827C53224005C7019 /* Frameworks */,
				0EFC8F5927C53224005C7019 /* Resources */,
			);
			buildRules = (
			);
			dependencies = (
				0EFC8F5E27C53224005C7019 /* PBXTargetDependency */,
			);
			name = DataTests;
			productName = DataTests;
			productReference = 0EFC8F5B27C53224005C7019 /* DataTests.xctest */;
			productType = "com.apple.product-type.bundle.unit-test";
		};
/* End PBXNativeTarget section */

/* Begin PBXProject section */
		0EFC8F2A27C528A2005C7019 /* Project object */ = {
			isa = PBXProject;
			attributes = {
				BuildIndependentTargetsInParallel = 1;
				LastSwiftUpdateCheck = 1310;
				LastUpgradeCheck = 1310;
				TargetAttributes = {
					0EDBC36427E2493800B77272 = {
						CreatedOnToolsVersion = 13.1;
						LastSwiftMigration = 1310;
					};
					0EDBC36B27E2493800B77272 = {
						CreatedOnToolsVersion = 13.1;
					};
					0EFC8F4127C52965005C7019 = {
						CreatedOnToolsVersion = 13.1;
						LastSwiftMigration = 1310;
					};
					0EFC8F5327C53224005C7019 = {
						CreatedOnToolsVersion = 13.1;
						LastSwiftMigration = 1310;
					};
					0EFC8F5A27C53224005C7019 = {
						CreatedOnToolsVersion = 13.1;
					};
				};
			};
			buildConfigurationList = 0EFC8F2D27C528A2005C7019 /* Build configuration list for PBXProject "CleanApp" */;
			compatibilityVersion = "Xcode 13.0";
			developmentRegion = en;
			hasScannedForEncodings = 0;
			knownRegions = (
				en,
				Base,
			);
			mainGroup = 0EFC8F2927C528A2005C7019;
			packageReferences = (
				0E93748E27E24CF60031B4DF /* XCRemoteSwiftPackageReference "Alamofire" */,
			);
			productRefGroup = 0EFC8F3427C528A2005C7019 /* Products */;
			projectDirPath = "";
			projectRoot = "";
			targets = (
				0EFC8F4127C52965005C7019 /* Domain */,
				0EFC8F5327C53224005C7019 /* Data */,
				0EFC8F5A27C53224005C7019 /* DataTests */,
				0EDBC36427E2493800B77272 /* Infra */,
				0EDBC36B27E2493800B77272 /* InfraTests */,
			);
		};
/* End PBXProject section */

/* Begin PBXResourcesBuildPhase section */
		0EDBC36327E2493800B77272 /* Resources */ = {
			isa = PBXResourcesBuildPhase;
			buildActionMask = 2147483647;
			files = (
			);
			runOnlyForDeploymentPostprocessing = 0;
		};
		0EDBC36A27E2493800B77272 /* Resources */ = {
			isa = PBXResourcesBuildPhase;
			buildActionMask = 2147483647;
			files = (
			);
			runOnlyForDeploymentPostprocessing = 0;
		};
		0EFC8F4027C52965005C7019 /* Resources */ = {
			isa = PBXResourcesBuildPhase;
			buildActionMask = 2147483647;
			files = (
			);
			runOnlyForDeploymentPostprocessing = 0;
		};
		0EFC8F5227C53224005C7019 /* Resources */ = {
			isa = PBXResourcesBuildPhase;
			buildActionMask = 2147483647;
			files = (
			);
			runOnlyForDeploymentPostprocessing = 0;
		};
		0EFC8F5927C53224005C7019 /* Resources */ = {
			isa = PBXResourcesBuildPhase;
			buildActionMask = 2147483647;
			files = (
			);
			runOnlyForDeploymentPostprocessing = 0;
		};
/* End PBXResourcesBuildPhase section */

/* Begin PBXSourcesBuildPhase section */
		0EDBC36127E2493800B77272 /* Sources */ = {
			isa = PBXSourcesBuildPhase;
			buildActionMask = 2147483647;
			files = (
				0E29DAFA27E355B9006123E3 /* AlamofireAdapter.swift in Sources */,
			);
			runOnlyForDeploymentPostprocessing = 0;
		};
		0EDBC36827E2493800B77272 /* Sources */ = {
			isa = PBXSourcesBuildPhase;
			buildActionMask = 2147483647;
			files = (
				0E93748D27E24C5F0031B4DF /* Factories.swift in Sources */,
				0E93748C27E24C5C0031B4DF /* XCTestCaseExtensions.swift in Sources */,
				0EDBC37227E2493800B77272 /* AlamofireAdapterTests.swift in Sources */,
				0E29DAFE27E3574A006123E3 /* UrlProtocolStub.swift in Sources */,
			);
			runOnlyForDeploymentPostprocessing = 0;
		};
		0EFC8F3E27C52965005C7019 /* Sources */ = {
			isa = PBXSourcesBuildPhase;
			buildActionMask = 2147483647;
			files = (
				0EFC8F7027C55B3C005C7019 /* Model.swift in Sources */,
				0EFC8F4C27C52F8A005C7019 /* AddAccount.swift in Sources */,
				0E19B86A27E109D7002997CF /* DomainError.swift in Sources */,
				0EFC8F4E27C530B3005C7019 /* AccountModel.swift in Sources */,
			);
			runOnlyForDeploymentPostprocessing = 0;
		};
		0EFC8F5027C53224005C7019 /* Sources */ = {
			isa = PBXSourcesBuildPhase;
			buildActionMask = 2147483647;
			files = (
				0EFC8F7427C55CB7005C7019 /* HttpPostClient.swift in Sources */,
				0E19B86F27E129EC002997CF /* ExtensionHelpers.swift in Sources */,
				0E19B86C27E11B88002997CF /* HttpError.swift in Sources */,
				0EFC8F7227C55C73005C7019 /* RemoteAddAccount.swift in Sources */,
			);
			runOnlyForDeploymentPostprocessing = 0;
		};
		0EFC8F5727C53224005C7019 /* Sources */ = {
			isa = PBXSourcesBuildPhase;
			buildActionMask = 2147483647;
			files = (
				0E6FB92E27E2165A00336EBD /* Factories.swift in Sources */,
				0E6FB93127E216B900336EBD /* HttpClientSpy.swift in Sources */,
				0E6FB92C27E215FB00336EBD /* XCTestCaseExtensions.swift in Sources */,
				0E6FB93327E2171000336EBD /* AccountModelFactory.swift in Sources */,
				0EFC8F6127C53224005C7019 /* RemoteAddAccountTests.swift in Sources */,
			);
			runOnlyForDeploymentPostprocessing = 0;
		};
/* End PBXSourcesBuildPhase section */

/* Begin PBXTargetDependency section */
		0E93748A27E24C340031B4DF /* PBXTargetDependency */ = {
			isa = PBXTargetDependency;
			target = 0EFC8F5327C53224005C7019 /* Data */;
			targetProxy = 0E93748927E24C340031B4DF /* PBXContainerItemProxy */;
		};
		0EDBC36F27E2493800B77272 /* PBXTargetDependency */ = {
			isa = PBXTargetDependency;
			target = 0EDBC36427E2493800B77272 /* Infra */;
			targetProxy = 0EDBC36E27E2493800B77272 /* PBXContainerItemProxy */;
		};
		0EFC8F5E27C53224005C7019 /* PBXTargetDependency */ = {
			isa = PBXTargetDependency;
			target = 0EFC8F5327C53224005C7019 /* Data */;
			targetProxy = 0EFC8F5D27C53224005C7019 /* PBXContainerItemProxy */;
		};
		0EFC8F6D27C5325E005C7019 /* PBXTargetDependency */ = {
			isa = PBXTargetDependency;
			target = 0EFC8F4127C52965005C7019 /* Domain */;
			targetProxy = 0EFC8F6C27C5325E005C7019 /* PBXContainerItemProxy */;
		};
/* End PBXTargetDependency section */

/* Begin XCBuildConfiguration section */
		0EDBC37427E2493800B77272 /* Debug */ = {
			isa = XCBuildConfiguration;
			buildSettings = {
				CLANG_ENABLE_MODULES = YES;
				CODE_SIGN_STYLE = Automatic;
				COMBINE_HIDPI_IMAGES = YES;
				CURRENT_PROJECT_VERSION = 1;
				DEFINES_MODULE = YES;
				DYLIB_COMPATIBILITY_VERSION = 1;
				DYLIB_CURRENT_VERSION = 1;
				DYLIB_INSTALL_NAME_BASE = "@rpath";
				GENERATE_INFOPLIST_FILE = YES;
				INFOPLIST_KEY_NSHumanReadableCopyright = "";
				INSTALL_PATH = "$(LOCAL_LIBRARY_DIR)/Frameworks";
				LD_RUNPATH_SEARCH_PATHS = (
					"$(inherited)",
					"@executable_path/../Frameworks",
					"@loader_path/Frameworks",
				);
				MACOSX_DEPLOYMENT_TARGET = 11.3;
				MARKETING_VERSION = 1.0;
				PRODUCT_BUNDLE_IDENTIFIER = com.example.cleanapp.Infra;
				PRODUCT_NAME = "$(TARGET_NAME:c99extidentifier)";
				SDKROOT = macosx;
				SKIP_INSTALL = YES;
				SWIFT_EMIT_LOC_STRINGS = YES;
				SWIFT_OPTIMIZATION_LEVEL = "-Onone";
				SWIFT_VERSION = 5.0;
			};
			name = Debug;
		};
		0EDBC37527E2493800B77272 /* Release */ = {
			isa = XCBuildConfiguration;
			buildSettings = {
				CLANG_ENABLE_MODULES = YES;
				CODE_SIGN_STYLE = Automatic;
				COMBINE_HIDPI_IMAGES = YES;
				CURRENT_PROJECT_VERSION = 1;
				DEFINES_MODULE = YES;
				DYLIB_COMPATIBILITY_VERSION = 1;
				DYLIB_CURRENT_VERSION = 1;
				DYLIB_INSTALL_NAME_BASE = "@rpath";
				GENERATE_INFOPLIST_FILE = YES;
				INFOPLIST_KEY_NSHumanReadableCopyright = "";
				INSTALL_PATH = "$(LOCAL_LIBRARY_DIR)/Frameworks";
				LD_RUNPATH_SEARCH_PATHS = (
					"$(inherited)",
					"@executable_path/../Frameworks",
					"@loader_path/Frameworks",
				);
				MACOSX_DEPLOYMENT_TARGET = 11.3;
				MARKETING_VERSION = 1.0;
				PRODUCT_BUNDLE_IDENTIFIER = com.example.cleanapp.Infra;
				PRODUCT_NAME = "$(TARGET_NAME:c99extidentifier)";
				SDKROOT = macosx;
				SKIP_INSTALL = YES;
				SWIFT_EMIT_LOC_STRINGS = YES;
				SWIFT_VERSION = 5.0;
			};
			name = Release;
		};
		0EDBC37627E2493800B77272 /* Debug */ = {
			isa = XCBuildConfiguration;
			buildSettings = {
				ALWAYS_EMBED_SWIFT_STANDARD_LIBRARIES = YES;
				CODE_SIGN_STYLE = Automatic;
				COMBINE_HIDPI_IMAGES = YES;
				CURRENT_PROJECT_VERSION = 1;
				GENERATE_INFOPLIST_FILE = YES;
				LD_RUNPATH_SEARCH_PATHS = (
					"$(inherited)",
					"@executable_path/../Frameworks",
					"@loader_path/../Frameworks",
				);
				MACOSX_DEPLOYMENT_TARGET = 11.3;
				MARKETING_VERSION = 1.0;
				PRODUCT_BUNDLE_IDENTIFIER = com.example.cleanapp.InfraTests;
				PRODUCT_NAME = "$(TARGET_NAME)";
				SDKROOT = macosx;
				SWIFT_EMIT_LOC_STRINGS = NO;
				SWIFT_VERSION = 5.0;
			};
			name = Debug;
		};
		0EDBC37727E2493800B77272 /* Release */ = {
			isa = XCBuildConfiguration;
			buildSettings = {
				ALWAYS_EMBED_SWIFT_STANDARD_LIBRARIES = YES;
				CODE_SIGN_STYLE = Automatic;
				COMBINE_HIDPI_IMAGES = YES;
				CURRENT_PROJECT_VERSION = 1;
				GENERATE_INFOPLIST_FILE = YES;
				LD_RUNPATH_SEARCH_PATHS = (
					"$(inherited)",
					"@executable_path/../Frameworks",
					"@loader_path/../Frameworks",
				);
				MACOSX_DEPLOYMENT_TARGET = 11.3;
				MARKETING_VERSION = 1.0;
				PRODUCT_BUNDLE_IDENTIFIER = com.example.cleanapp.InfraTests;
				PRODUCT_NAME = "$(TARGET_NAME)";
				SDKROOT = macosx;
				SWIFT_EMIT_LOC_STRINGS = NO;
				SWIFT_VERSION = 5.0;
			};
			name = Release;
		};
		0EFC8F3827C528A2005C7019 /* Debug */ = {
			isa = XCBuildConfiguration;
			buildSettings = {
				ALWAYS_SEARCH_USER_PATHS = NO;
				CLANG_ANALYZER_NONNULL = YES;
				CLANG_ANALYZER_NUMBER_OBJECT_CONVERSION = YES_AGGRESSIVE;
				CLANG_CXX_LANGUAGE_STANDARD = "gnu++17";
				CLANG_CXX_LIBRARY = "libc++";
				CLANG_ENABLE_MODULES = YES;
				CLANG_ENABLE_OBJC_ARC = YES;
				CLANG_ENABLE_OBJC_WEAK = YES;
				CLANG_WARN_BLOCK_CAPTURE_AUTORELEASING = YES;
				CLANG_WARN_BOOL_CONVERSION = YES;
				CLANG_WARN_COMMA = YES;
				CLANG_WARN_CONSTANT_CONVERSION = YES;
				CLANG_WARN_DEPRECATED_OBJC_IMPLEMENTATIONS = YES;
				CLANG_WARN_DIRECT_OBJC_ISA_USAGE = YES_ERROR;
				CLANG_WARN_DOCUMENTATION_COMMENTS = YES;
				CLANG_WARN_EMPTY_BODY = YES;
				CLANG_WARN_ENUM_CONVERSION = YES;
				CLANG_WARN_INFINITE_RECURSION = YES;
				CLANG_WARN_INT_CONVERSION = YES;
				CLANG_WARN_NON_LITERAL_NULL_CONVERSION = YES;
				CLANG_WARN_OBJC_IMPLICIT_RETAIN_SELF = YES;
				CLANG_WARN_OBJC_LITERAL_CONVERSION = YES;
				CLANG_WARN_OBJC_ROOT_CLASS = YES_ERROR;
				CLANG_WARN_QUOTED_INCLUDE_IN_FRAMEWORK_HEADER = YES;
				CLANG_WARN_RANGE_LOOP_ANALYSIS = YES;
				CLANG_WARN_STRICT_PROTOTYPES = YES;
				CLANG_WARN_SUSPICIOUS_MOVE = YES;
				CLANG_WARN_UNGUARDED_AVAILABILITY = YES_AGGRESSIVE;
				CLANG_WARN_UNREACHABLE_CODE = YES;
				CLANG_WARN__DUPLICATE_METHOD_MATCH = YES;
				COPY_PHASE_STRIP = NO;
				CURRENT_PROJECT_VERSION = 1;
				DEBUG_INFORMATION_FORMAT = dwarf;
				ENABLE_STRICT_OBJC_MSGSEND = YES;
				ENABLE_TESTABILITY = YES;
				GCC_C_LANGUAGE_STANDARD = gnu11;
				GCC_DYNAMIC_NO_PIC = NO;
				GCC_NO_COMMON_BLOCKS = YES;
				GCC_OPTIMIZATION_LEVEL = 0;
				GCC_PREPROCESSOR_DEFINITIONS = (
					"DEBUG=1",
					"$(inherited)",
				);
				GCC_WARN_64_TO_32_BIT_CONVERSION = YES;
				GCC_WARN_ABOUT_RETURN_TYPE = YES_ERROR;
				GCC_WARN_UNDECLARED_SELECTOR = YES;
				GCC_WARN_UNINITIALIZED_AUTOS = YES_AGGRESSIVE;
				GCC_WARN_UNUSED_FUNCTION = YES;
				GCC_WARN_UNUSED_VARIABLE = YES;
				IPHONEOS_DEPLOYMENT_TARGET = 15.0;
				MTL_ENABLE_DEBUG_INFO = INCLUDE_SOURCE;
				MTL_FAST_MATH = YES;
				ONLY_ACTIVE_ARCH = YES;
				SDKROOT = iphoneos;
				SWIFT_ACTIVE_COMPILATION_CONDITIONS = DEBUG;
				SWIFT_OPTIMIZATION_LEVEL = "-Onone";
				VERSIONING_SYSTEM = "apple-generic";
				VERSION_INFO_PREFIX = "";
			};
			name = Debug;
		};
		0EFC8F3927C528A2005C7019 /* Release */ = {
			isa = XCBuildConfiguration;
			buildSettings = {
				ALWAYS_SEARCH_USER_PATHS = NO;
				CLANG_ANALYZER_NONNULL = YES;
				CLANG_ANALYZER_NUMBER_OBJECT_CONVERSION = YES_AGGRESSIVE;
				CLANG_CXX_LANGUAGE_STANDARD = "gnu++17";
				CLANG_CXX_LIBRARY = "libc++";
				CLANG_ENABLE_MODULES = YES;
				CLANG_ENABLE_OBJC_ARC = YES;
				CLANG_ENABLE_OBJC_WEAK = YES;
				CLANG_WARN_BLOCK_CAPTURE_AUTORELEASING = YES;
				CLANG_WARN_BOOL_CONVERSION = YES;
				CLANG_WARN_COMMA = YES;
				CLANG_WARN_CONSTANT_CONVERSION = YES;
				CLANG_WARN_DEPRECATED_OBJC_IMPLEMENTATIONS = YES;
				CLANG_WARN_DIRECT_OBJC_ISA_USAGE = YES_ERROR;
				CLANG_WARN_DOCUMENTATION_COMMENTS = YES;
				CLANG_WARN_EMPTY_BODY = YES;
				CLANG_WARN_ENUM_CONVERSION = YES;
				CLANG_WARN_INFINITE_RECURSION = YES;
				CLANG_WARN_INT_CONVERSION = YES;
				CLANG_WARN_NON_LITERAL_NULL_CONVERSION = YES;
				CLANG_WARN_OBJC_IMPLICIT_RETAIN_SELF = YES;
				CLANG_WARN_OBJC_LITERAL_CONVERSION = YES;
				CLANG_WARN_OBJC_ROOT_CLASS = YES_ERROR;
				CLANG_WARN_QUOTED_INCLUDE_IN_FRAMEWORK_HEADER = YES;
				CLANG_WARN_RANGE_LOOP_ANALYSIS = YES;
				CLANG_WARN_STRICT_PROTOTYPES = YES;
				CLANG_WARN_SUSPICIOUS_MOVE = YES;
				CLANG_WARN_UNGUARDED_AVAILABILITY = YES_AGGRESSIVE;
				CLANG_WARN_UNREACHABLE_CODE = YES;
				CLANG_WARN__DUPLICATE_METHOD_MATCH = YES;
				COPY_PHASE_STRIP = NO;
				CURRENT_PROJECT_VERSION = 1;
				DEBUG_INFORMATION_FORMAT = "dwarf-with-dsym";
				ENABLE_NS_ASSERTIONS = NO;
				ENABLE_STRICT_OBJC_MSGSEND = YES;
				GCC_C_LANGUAGE_STANDARD = gnu11;
				GCC_NO_COMMON_BLOCKS = YES;
				GCC_WARN_64_TO_32_BIT_CONVERSION = YES;
				GCC_WARN_ABOUT_RETURN_TYPE = YES_ERROR;
				GCC_WARN_UNDECLARED_SELECTOR = YES;
				GCC_WARN_UNINITIALIZED_AUTOS = YES_AGGRESSIVE;
				GCC_WARN_UNUSED_FUNCTION = YES;
				GCC_WARN_UNUSED_VARIABLE = YES;
				IPHONEOS_DEPLOYMENT_TARGET = 15.0;
				MTL_ENABLE_DEBUG_INFO = NO;
				MTL_FAST_MATH = YES;
				SDKROOT = iphoneos;
				SWIFT_COMPILATION_MODE = wholemodule;
				SWIFT_OPTIMIZATION_LEVEL = "-O";
				VALIDATE_PRODUCT = YES;
				VERSIONING_SYSTEM = "apple-generic";
				VERSION_INFO_PREFIX = "";
			};
			name = Release;
		};
		0EFC8F4727C52965005C7019 /* Debug */ = {
			isa = XCBuildConfiguration;
			buildSettings = {
				CLANG_ENABLE_MODULES = YES;
				CODE_SIGN_STYLE = Automatic;
				COMBINE_HIDPI_IMAGES = YES;
				CURRENT_PROJECT_VERSION = 1;
				DEFINES_MODULE = YES;
				DYLIB_COMPATIBILITY_VERSION = 1;
				DYLIB_CURRENT_VERSION = 1;
				DYLIB_INSTALL_NAME_BASE = "@rpath";
				GENERATE_INFOPLIST_FILE = YES;
				INFOPLIST_KEY_NSHumanReadableCopyright = "";
				INSTALL_PATH = "$(LOCAL_LIBRARY_DIR)/Frameworks";
				LD_RUNPATH_SEARCH_PATHS = (
					"$(inherited)",
					"@executable_path/../Frameworks",
					"@loader_path/Frameworks",
				);
				MACOSX_DEPLOYMENT_TARGET = 11.3;
				MARKETING_VERSION = 1.0;
				PRODUCT_BUNDLE_IDENTIFIER = com.example.cleanapp.Domain;
				PRODUCT_NAME = "$(TARGET_NAME:c99extidentifier)";
				SDKROOT = macosx;
				SKIP_INSTALL = YES;
				SWIFT_EMIT_LOC_STRINGS = YES;
				SWIFT_OPTIMIZATION_LEVEL = "-Onone";
				SWIFT_VERSION = 5.0;
			};
			name = Debug;
		};
		0EFC8F4827C52965005C7019 /* Release */ = {
			isa = XCBuildConfiguration;
			buildSettings = {
				CLANG_ENABLE_MODULES = YES;
				CODE_SIGN_STYLE = Automatic;
				COMBINE_HIDPI_IMAGES = YES;
				CURRENT_PROJECT_VERSION = 1;
				DEFINES_MODULE = YES;
				DYLIB_COMPATIBILITY_VERSION = 1;
				DYLIB_CURRENT_VERSION = 1;
				DYLIB_INSTALL_NAME_BASE = "@rpath";
				GENERATE_INFOPLIST_FILE = YES;
				INFOPLIST_KEY_NSHumanReadableCopyright = "";
				INSTALL_PATH = "$(LOCAL_LIBRARY_DIR)/Frameworks";
				LD_RUNPATH_SEARCH_PATHS = (
					"$(inherited)",
					"@executable_path/../Frameworks",
					"@loader_path/Frameworks",
				);
				MACOSX_DEPLOYMENT_TARGET = 11.3;
				MARKETING_VERSION = 1.0;
				PRODUCT_BUNDLE_IDENTIFIER = com.example.cleanapp.Domain;
				PRODUCT_NAME = "$(TARGET_NAME:c99extidentifier)";
				SDKROOT = macosx;
				SKIP_INSTALL = YES;
				SWIFT_EMIT_LOC_STRINGS = YES;
				SWIFT_VERSION = 5.0;
			};
			name = Release;
		};
		0EFC8F6427C53224005C7019 /* Debug */ = {
			isa = XCBuildConfiguration;
			buildSettings = {
				CLANG_ENABLE_MODULES = YES;
				CODE_SIGN_STYLE = Automatic;
				COMBINE_HIDPI_IMAGES = YES;
				CURRENT_PROJECT_VERSION = 1;
				DEFINES_MODULE = YES;
				DYLIB_COMPATIBILITY_VERSION = 1;
				DYLIB_CURRENT_VERSION = 1;
				DYLIB_INSTALL_NAME_BASE = "@rpath";
				GENERATE_INFOPLIST_FILE = YES;
				INFOPLIST_KEY_NSHumanReadableCopyright = "";
				INSTALL_PATH = "$(LOCAL_LIBRARY_DIR)/Frameworks";
				LD_RUNPATH_SEARCH_PATHS = (
					"$(inherited)",
					"@executable_path/../Frameworks",
					"@loader_path/Frameworks",
				);
				MACOSX_DEPLOYMENT_TARGET = 11.3;
				MARKETING_VERSION = 1.0;
				PRODUCT_BUNDLE_IDENTIFIER = com.example.cleanapp.Data;
				PRODUCT_NAME = "$(TARGET_NAME:c99extidentifier)";
				SDKROOT = macosx;
				SKIP_INSTALL = YES;
				SWIFT_EMIT_LOC_STRINGS = YES;
				SWIFT_OPTIMIZATION_LEVEL = "-Onone";
				SWIFT_VERSION = 5.0;
			};
			name = Debug;
		};
		0EFC8F6527C53224005C7019 /* Release */ = {
			isa = XCBuildConfiguration;
			buildSettings = {
				CLANG_ENABLE_MODULES = YES;
				CODE_SIGN_STYLE = Automatic;
				COMBINE_HIDPI_IMAGES = YES;
				CURRENT_PROJECT_VERSION = 1;
				DEFINES_MODULE = YES;
				DYLIB_COMPATIBILITY_VERSION = 1;
				DYLIB_CURRENT_VERSION = 1;
				DYLIB_INSTALL_NAME_BASE = "@rpath";
				GENERATE_INFOPLIST_FILE = YES;
				INFOPLIST_KEY_NSHumanReadableCopyright = "";
				INSTALL_PATH = "$(LOCAL_LIBRARY_DIR)/Frameworks";
				LD_RUNPATH_SEARCH_PATHS = (
					"$(inherited)",
					"@executable_path/../Frameworks",
					"@loader_path/Frameworks",
				);
				MACOSX_DEPLOYMENT_TARGET = 11.3;
				MARKETING_VERSION = 1.0;
				PRODUCT_BUNDLE_IDENTIFIER = com.example.cleanapp.Data;
				PRODUCT_NAME = "$(TARGET_NAME:c99extidentifier)";
				SDKROOT = macosx;
				SKIP_INSTALL = YES;
				SWIFT_EMIT_LOC_STRINGS = YES;
				SWIFT_VERSION = 5.0;
			};
			name = Release;
		};
		0EFC8F6727C53224005C7019 /* Debug */ = {
			isa = XCBuildConfiguration;
			buildSettings = {
				ALWAYS_EMBED_SWIFT_STANDARD_LIBRARIES = YES;
				CODE_SIGN_STYLE = Automatic;
				COMBINE_HIDPI_IMAGES = YES;
				CURRENT_PROJECT_VERSION = 1;
				GENERATE_INFOPLIST_FILE = YES;
				LD_RUNPATH_SEARCH_PATHS = (
					"$(inherited)",
					"@executable_path/../Frameworks",
					"@loader_path/../Frameworks",
				);
				MACOSX_DEPLOYMENT_TARGET = 11.3;
				MARKETING_VERSION = 1.0;
				PRODUCT_BUNDLE_IDENTIFIER = com.example.cleanapp.DataTests;
				PRODUCT_NAME = "$(TARGET_NAME)";
				SDKROOT = macosx;
				SWIFT_EMIT_LOC_STRINGS = NO;
				SWIFT_VERSION = 5.0;
			};
			name = Debug;
		};
		0EFC8F6827C53224005C7019 /* Release */ = {
			isa = XCBuildConfiguration;
			buildSettings = {
				ALWAYS_EMBED_SWIFT_STANDARD_LIBRARIES = YES;
				CODE_SIGN_STYLE = Automatic;
				COMBINE_HIDPI_IMAGES = YES;
				CURRENT_PROJECT_VERSION = 1;
				GENERATE_INFOPLIST_FILE = YES;
				LD_RUNPATH_SEARCH_PATHS = (
					"$(inherited)",
					"@executable_path/../Frameworks",
					"@loader_path/../Frameworks",
				);
				MACOSX_DEPLOYMENT_TARGET = 11.3;
				MARKETING_VERSION = 1.0;
				PRODUCT_BUNDLE_IDENTIFIER = com.example.cleanapp.DataTests;
				PRODUCT_NAME = "$(TARGET_NAME)";
				SDKROOT = macosx;
				SWIFT_EMIT_LOC_STRINGS = NO;
				SWIFT_VERSION = 5.0;
			};
			name = Release;
		};
/* End XCBuildConfiguration section */

/* Begin XCConfigurationList section */
		0EDBC37827E2493800B77272 /* Build configuration list for PBXNativeTarget "Infra" */ = {
			isa = XCConfigurationList;
			buildConfigurations = (
				0EDBC37427E2493800B77272 /* Debug */,
				0EDBC37527E2493800B77272 /* Release */,
			);
			defaultConfigurationIsVisible = 0;
			defaultConfigurationName = Release;
		};
		0EDBC37927E2493800B77272 /* Build configuration list for PBXNativeTarget "InfraTests" */ = {
			isa = XCConfigurationList;
			buildConfigurations = (
				0EDBC37627E2493800B77272 /* Debug */,
				0EDBC37727E2493800B77272 /* Release */,
			);
			defaultConfigurationIsVisible = 0;
			defaultConfigurationName = Release;
		};
		0EFC8F2D27C528A2005C7019 /* Build configuration list for PBXProject "CleanApp" */ = {
			isa = XCConfigurationList;
			buildConfigurations = (
				0EFC8F3827C528A2005C7019 /* Debug */,
				0EFC8F3927C528A2005C7019 /* Release */,
			);
			defaultConfigurationIsVisible = 0;
			defaultConfigurationName = Release;
		};
		0EFC8F4627C52965005C7019 /* Build configuration list for PBXNativeTarget "Domain" */ = {
			isa = XCConfigurationList;
			buildConfigurations = (
				0EFC8F4727C52965005C7019 /* Debug */,
				0EFC8F4827C52965005C7019 /* Release */,
			);
			defaultConfigurationIsVisible = 0;
			defaultConfigurationName = Release;
		};
		0EFC8F6327C53224005C7019 /* Build configuration list for PBXNativeTarget "Data" */ = {
			isa = XCConfigurationList;
			buildConfigurations = (
				0EFC8F6427C53224005C7019 /* Debug */,
				0EFC8F6527C53224005C7019 /* Release */,
			);
			defaultConfigurationIsVisible = 0;
			defaultConfigurationName = Release;
		};
		0EFC8F6627C53224005C7019 /* Build configuration list for PBXNativeTarget "DataTests" */ = {
			isa = XCConfigurationList;
			buildConfigurations = (
				0EFC8F6727C53224005C7019 /* Debug */,
				0EFC8F6827C53224005C7019 /* Release */,
			);
			defaultConfigurationIsVisible = 0;
			defaultConfigurationName = Release;
		};
/* End XCConfigurationList section */

/* Begin XCRemoteSwiftPackageReference section */
		0E93748E27E24CF60031B4DF /* XCRemoteSwiftPackageReference "Alamofire" */ = {
			isa = XCRemoteSwiftPackageReference;
			repositoryURL = "https://github.com/Alamofire/Alamofire.git";
			requirement = {
				kind = upToNextMajorVersion;
				minimumVersion = 5.0.0;
			};
		};
/* End XCRemoteSwiftPackageReference section */

/* Begin XCSwiftPackageProductDependency section */
		0E93748F27E24CF60031B4DF /* Alamofire */ = {
			isa = XCSwiftPackageProductDependency;
			package = 0E93748E27E24CF60031B4DF /* XCRemoteSwiftPackageReference "Alamofire" */;
			productName = Alamofire;
		};
/* End XCSwiftPackageProductDependency section */
	};
	rootObject = 0EFC8F2A27C528A2005C7019 /* Project object */;
}
